
Microsoft Visual Studio Solution File, Format Version 12.00
# Visual Studio Version 17
VisualStudioVersion = 17.10.35004.147
MinimumVisualStudioVersion = 10.0.40219.1
Project("{FAE04EC0-301F-11D3-BF4B-00C04F79EFBC}") = "Produtor", "Produtor.csproj", "{BEF5FBF6-9214-4E50-A65B-C0F156EC69C7}"
EndProject
Global
	GlobalSection(SolutionConfigurationPlatforms) = preSolution
		Debug|Any CPU = Debug|Any CPU
		Release|Any CPU = Release|Any CPU
	EndGlobalSection
	GlobalSection(ProjectConfigurationPlatforms) = postSolution
		{BEF5FBF6-9214-4E50-A65B-C0F156EC69C7}.Debug|Any CPU.ActiveCfg = Debug|Any CPU
		{BEF5FBF6-9214-4E50-A65B-C0F156EC69C7}.Debug|Any CPU.Build.0 = Debug|Any CPU
		{BEF5FBF6-9214-4E50-A65B-C0F156EC69C7}.Release|Any CPU.ActiveCfg = Release|Any CPU
		{BEF5FBF6-9214-4E50-A65B-C0F156EC69C7}.Release|Any CPU.Build.0 = Release|Any CPU
	EndGlobalSection
	GlobalSection(SolutionProperties) = preSolution
		HideSolutionNode = FALSE
	EndGlobalSection
	GlobalSection(ExtensibilityGlobals) = postSolution
		SolutionGuid = {E94DE1A6-C800-4AAB-B8D6-84BC7CD4B537}
	EndGlobalSection
EndGlobal
